
Microsoft Visual Studio Solution File, Format Version 12.00
# Visual Studio Version 17
VisualStudioVersion = 17.5.33414.496
MinimumVisualStudioVersion = 10.0.40219.1
Project("{9A19103F-16F7-4668-BE54-9A1E7A4F7556}") = "StreetStuff_Shop", "StreetStuff_Shop\StreetStuff_Shop.csproj", "{B52B3F2D-01B0-48B5-9E44-520B0CCA7F6B}"
EndProject
Project("{9A19103F-16F7-4668-BE54-9A1E7A4F7556}") = "StreetStuff_Shop.DAL", "StreetStuff_Shop.DAL\StreetStuff_Shop.DAL.csproj", "{98FC4BD9-A987-4057-B476-76310844717F}"
EndProject
Project("{FAE04EC0-301F-11D3-BF4B-00C04F79EFBC}") = "StreetStuff_Shop.BLL", "StreetStuff_Shop.BLL\StreetStuff_Shop.BLL.csproj", "{F3B98877-FA70-481A-9EB2-126F423C626D}"
EndProject
Global
	GlobalSection(SolutionConfigurationPlatforms) = preSolution
		Debug|Any CPU = Debug|Any CPU
		Release|Any CPU = Release|Any CPU
	EndGlobalSection
	GlobalSection(ProjectConfigurationPlatforms) = postSolution
		{B52B3F2D-01B0-48B5-9E44-520B0CCA7F6B}.Debug|Any CPU.ActiveCfg = Debug|Any CPU
		{B52B3F2D-01B0-48B5-9E44-520B0CCA7F6B}.Debug|Any CPU.Build.0 = Debug|Any CPU
		{B52B3F2D-01B0-48B5-9E44-520B0CCA7F6B}.Release|Any CPU.ActiveCfg = Release|Any CPU
		{B52B3F2D-01B0-48B5-9E44-520B0CCA7F6B}.Release|Any CPU.Build.0 = Release|Any CPU
		{98FC4BD9-A987-4057-B476-76310844717F}.Debug|Any CPU.ActiveCfg = Debug|Any CPU
		{98FC4BD9-A987-4057-B476-76310844717F}.Debug|Any CPU.Build.0 = Debug|Any CPU
		{98FC4BD9-A987-4057-B476-76310844717F}.Release|Any CPU.ActiveCfg = Release|Any CPU
		{98FC4BD9-A987-4057-B476-76310844717F}.Release|Any CPU.Build.0 = Release|Any CPU
		{F3B98877-FA70-481A-9EB2-126F423C626D}.Debug|Any CPU.ActiveCfg = Debug|Any CPU
		{F3B98877-FA70-481A-9EB2-126F423C626D}.Debug|Any CPU.Build.0 = Debug|Any CPU
		{F3B98877-FA70-481A-9EB2-126F423C626D}.Release|Any CPU.ActiveCfg = Release|Any CPU
		{F3B98877-FA70-481A-9EB2-126F423C626D}.Release|Any CPU.Build.0 = Release|Any CPU
	EndGlobalSection
	GlobalSection(SolutionProperties) = preSolution
		HideSolutionNode = FALSE
	EndGlobalSection
	GlobalSection(ExtensibilityGlobals) = postSolution
		SolutionGuid = {4FE73B36-0819-4F1D-9AE9-B37FC106B7E1}
	EndGlobalSection
EndGlobal
